// !$*UTF8*$!
{
	archiveVersion = 1;
	classes = {
	};
	objectVersion = 56;
	objects = {

/* Begin PBXBuildFile section */
		AA0000000000000000000040 /* SwiftStanAppApp.swift in Sources */ = {isa = PBXBuildFile; fileRef = AA0000000000000000000020 /* SwiftStanAppApp.swift */; };
		AA0000000000000000000041 /* ContentView.swift in Sources */ = {isa = PBXBuildFile; fileRef = AA0000000000000000000021 /* ContentView.swift */; };
		D43DEAE22FF17FC40038834F /* OpenAPIRuntime in Frameworks */ = {isa = PBXBuildFile; productRef = D43DEAE12FF17FC40038834F /* OpenAPIRuntime */; };
		D43DEAFA2FF180ED0038834F /* ServerSettings.swift in Sources */ = {isa = PBXBuildFile; fileRef = D43DEAF82FF180ED0038834F /* ServerSettings.swift */; };
		D43DEAFB2FF180ED0038834F /* Csv2JsonIntent.swift in Sources */ = {isa = PBXBuildFile; fileRef = D43DEAE82FF180ED0038834F /* Csv2JsonIntent.swift */; };
		D43DEAFC2FF180ED0038834F /* LaplaceIntent.swift in Sources */ = {isa = PBXBuildFile; fileRef = D43DEAEB2FF180ED0038834F /* LaplaceIntent.swift */; };
		D43DEAFD2FF180ED0038834F /* SampleModelIntent.swift in Sources */ = {isa = PBXBuildFile; fileRef = D43DEAF02FF180ED0038834F /* SampleModelIntent.swift */; };
		D43DEAFE2FF180ED0038834F /* PathfinderIntent.swift in Sources */ = {isa = PBXBuildFile; fileRef = D43DEAED2FF180ED0038834F /* PathfinderIntent.swift */; };
		D43DEAFF2FF180ED0038834F /* GenerateStanCodeIntent.swift in Sources */ = {isa = PBXBuildFile; fileRef = D43DEAEA2FF180ED0038834F /* GenerateStanCodeIntent.swift */; };
		D43DEB002FF180ED0038834F /* StanClient.swift in Sources */ = {isa = PBXBuildFile; fileRef = D43DEAF92FF180ED0038834F /* StanClient.swift */; };
		D43DEB012FF180ED0038834F /* CompileModelIntent.swift in Sources */ = {isa = PBXBuildFile; fileRef = D43DEAE72FF180ED0038834F /* CompileModelIntent.swift */; };
		D43DEB022FF180ED0038834F /* Alist2DslIntent.swift in Sources */ = {isa = PBXBuildFile; fileRef = D43DEAE62FF180ED0038834F /* Alist2DslIntent.swift */; };
		D43DEB032FF180ED0038834F /* GeneratedQuantitiesIntent.swift in Sources */ = {isa = PBXBuildFile; fileRef = D43DEAE92FF180ED0038834F /* GeneratedQuantitiesIntent.swift */; };
		D43DEB042FF180ED0038834F /* RunUlamPipelineIntent.swift in Sources */ = {isa = PBXBuildFile; fileRef = D43DEAEF2FF180ED0038834F /* RunUlamPipelineIntent.swift */; };
		D43DEB052FF180ED0038834F /* RuninfoIntent.swift in Sources */ = {isa = PBXBuildFile; fileRef = D43DEAEE2FF180ED0038834F /* RuninfoIntent.swift */; };
		D43DEB062FF180ED0038834F /* StansummaryIntent.swift in Sources */ = {isa = PBXBuildFile; fileRef = D43DEAF22FF180ED0038834F /* StansummaryIntent.swift */; };
		D43DEB072FF180ED0038834F /* SwiftStanShortcuts.swift in Sources */ = {isa = PBXBuildFile; fileRef = D43DEAF42FF180ED0038834F /* SwiftStanShortcuts.swift */; };
		D43DEB082FF180ED0038834F /* StanIntentError.swift in Sources */ = {isa = PBXBuildFile; fileRef = D43DEAF12FF180ED0038834F /* StanIntentError.swift */; };
		D43DEB092FF180ED0038834F /* StanToAlistIntent.swift in Sources */ = {isa = PBXBuildFile; fileRef = D43DEAF32FF180ED0038834F /* StanToAlistIntent.swift */; };
		D43DEB0A2FF180ED0038834F /* OptimizeModelIntent.swift in Sources */ = {isa = PBXBuildFile; fileRef = D43DEAEC2FF180ED0038834F /* OptimizeModelIntent.swift */; };
		D43DEB0E2FF18A060038834F /* OpenAPIURLSession in Frameworks */ = {isa = PBXBuildFile; productRef = D43DEB0D2FF18A060038834F /* OpenAPIURLSession */; };
		D43DEB112FF18A6A0038834F /* openapi-generator-config.yaml in Resources */ = {isa = PBXBuildFile; fileRef = D43DEB102FF18A6A0038834F /* openapi-generator-config.yaml */; };
		D43DEB122FF18A6A0038834F /* openapi.yaml in Resources */ = {isa = PBXBuildFile; fileRef = D43DEB0F2FF18A6A0038834F /* openapi.yaml */; };
		D43DEB2A2FF208680038834F /* StanService.swift in Sources */ = {isa = PBXBuildFile; fileRef = D43DEB292FF208680038834F /* StanService.swift */; };
		D43DEB2D2FF208760038834F /* RunViewModel.swift in Sources */ = {isa = PBXBuildFile; fileRef = D43DEB2C2FF208760038834F /* RunViewModel.swift */; };
		D43DEB312FF2088D0038834F /* StanCommandView.swift in Sources */ = {isa = PBXBuildFile; fileRef = D43DEB302FF2088D0038834F /* StanCommandView.swift */; };
		D43DEB642FF2E3670038834F /* AdvancedSettingsView.swift in Sources */ = {isa = PBXBuildFile; fileRef = D43DEB632FF2E3670038834F /* AdvancedSettingsView.swift */; };
/* End PBXBuildFile section */

/* Begin PBXFileReference section */
		AA0000000000000000000020 /* SwiftStanAppApp.swift */ = {isa = PBXFileReference; lastKnownFileType = sourcecode.swift; path = SwiftStanAppApp.swift; sourceTree = "<group>"; };
		AA0000000000000000000021 /* ContentView.swift */ = {isa = PBXFileReference; lastKnownFileType = sourcecode.swift; path = ContentView.swift; sourceTree = "<group>"; };
		AA0000000000000000000030 /* SwiftStanApp.entitlements */ = {isa = PBXFileReference; lastKnownFileType = text.plist.entitlements; path = SwiftStanApp.entitlements; sourceTree = "<group>"; };
		AA0000000000000000000031 /* SwiftStanApp.app */ = {isa = PBXFileReference; explicitFileType = wrapper.application; includeInIndex = 0; path = SwiftStanApp.app; sourceTree = BUILT_PRODUCTS_DIR; };
		D43DEAE62FF180ED0038834F /* Alist2DslIntent.swift */ = {isa = PBXFileReference; lastKnownFileType = sourcecode.swift; path = Alist2DslIntent.swift; sourceTree = "<group>"; };
		D43DEAE72FF180ED0038834F /* CompileModelIntent.swift */ = {isa = PBXFileReference; lastKnownFileType = sourcecode.swift; path = CompileModelIntent.swift; sourceTree = "<group>"; };
		D43DEAE82FF180ED0038834F /* Csv2JsonIntent.swift */ = {isa = PBXFileReference; lastKnownFileType = sourcecode.swift; path = Csv2JsonIntent.swift; sourceTree = "<group>"; };
		D43DEAE92FF180ED0038834F /* GeneratedQuantitiesIntent.swift */ = {isa = PBXFileReference; lastKnownFileType = sourcecode.swift; path = GeneratedQuantitiesIntent.swift; sourceTree = "<group>"; };
		D43DEAEA2FF180ED0038834F /* GenerateStanCodeIntent.swift */ = {isa = PBXFileReference; lastKnownFileType = sourcecode.swift; path = GenerateStanCodeIntent.swift; sourceTree = "<group>"; };
		D43DEAEB2FF180ED0038834F /* LaplaceIntent.swift */ = {isa = PBXFileReference; lastKnownFileType = sourcecode.swift; path = LaplaceIntent.swift; sourceTree = "<group>"; };
		D43DEAEC2FF180ED0038834F /* OptimizeModelIntent.swift */ = {isa = PBXFileReference; lastKnownFileType = sourcecode.swift; path = OptimizeModelIntent.swift; sourceTree = "<group>"; };
		D43DEAED2FF180ED0038834F /* PathfinderIntent.swift */ = {isa = PBXFileReference; lastKnownFileType = sourcecode.swift; path = PathfinderIntent.swift; sourceTree = "<group>"; };
		D43DEAEE2FF180ED0038834F /* RuninfoIntent.swift */ = {isa = PBXFileReference; lastKnownFileType = sourcecode.swift; path = RuninfoIntent.swift; sourceTree = "<group>"; };
		D43DEAEF2FF180ED0038834F /* RunUlamPipelineIntent.swift */ = {isa = PBXFileReference; lastKnownFileType = sourcecode.swift; path = RunUlamPipelineIntent.swift; sourceTree = "<group>"; };
		D43DEAF02FF180ED0038834F /* SampleModelIntent.swift */ = {isa = PBXFileReference; lastKnownFileType = sourcecode.swift; path = SampleModelIntent.swift; sourceTree = "<group>"; };
		D43DEAF12FF180ED0038834F /* StanIntentError.swift */ = {isa = PBXFileReference; lastKnownFileType = sourcecode.swift; path = StanIntentError.swift; sourceTree = "<group>"; };
		D43DEAF22FF180ED0038834F /* StansummaryIntent.swift */ = {isa = PBXFileReference; lastKnownFileType = sourcecode.swift; path = StansummaryIntent.swift; sourceTree = "<group>"; };
		D43DEAF32FF180ED0038834F /* StanToAlistIntent.swift */ = {isa = PBXFileReference; lastKnownFileType = sourcecode.swift; path = StanToAlistIntent.swift; sourceTree = "<group>"; };
		D43DEAF42FF180ED0038834F /* SwiftStanShortcuts.swift */ = {isa = PBXFileReference; lastKnownFileType = sourcecode.swift; path = SwiftStanShortcuts.swift; sourceTree = "<group>"; };
		D43DEAF82FF180ED0038834F /* ServerSettings.swift */ = {isa = PBXFileReference; lastKnownFileType = sourcecode.swift; path = ServerSettings.swift; sourceTree = "<group>"; };
		D43DEAF92FF180ED0038834F /* StanClient.swift */ = {isa = PBXFileReference; lastKnownFileType = sourcecode.swift; path = StanClient.swift; sourceTree = "<group>"; };
		D43DEB0F2FF18A6A0038834F /* openapi.yaml */ = {isa = PBXFileReference; lastKnownFileType = text.yaml; path = openapi.yaml; sourceTree = "<group>"; };
		D43DEB102FF18A6A0038834F /* openapi-generator-config.yaml */ = {isa = PBXFileReference; lastKnownFileType = text.yaml; path = "openapi-generator-config.yaml"; sourceTree = "<group>"; };
		D43DEB292FF208680038834F /* StanService.swift */ = {isa = PBXFileReference; lastKnownFileType = sourcecode.swift; path = StanService.swift; sourceTree = "<group>"; };
		D43DEB2C2FF208760038834F /* RunViewModel.swift */ = {isa = PBXFileReference; lastKnownFileType = sourcecode.swift; path = RunViewModel.swift; sourceTree = "<group>"; };
		D43DEB302FF2088D0038834F /* StanCommandView.swift */ = {isa = PBXFileReference; lastKnownFileType = sourcecode.swift; path = StanCommandView.swift; sourceTree = "<group>"; };
		D43DEB452FF2B29A0038834F /* Info.plist */ = {isa = PBXFileReference; lastKnownFileType = text.plist; path = Info.plist; sourceTree = "<group>"; };
		D43DEB632FF2E3670038834F /* AdvancedSettingsView.swift */ = {isa = PBXFileReference; lastKnownFileType = sourcecode.swift; path = AdvancedSettingsView.swift; sourceTree = "<group>"; };
		D43DEB982FF42CC10038834F /* CLAUDE.md */ = {isa = PBXFileReference; lastKnownFileType = net.daringfireball.markdown; path = CLAUDE.md; sourceTree = "<group>"; };
		D43DEB992FF42CC10038834F /* StructuredSamplerParameters.md */ = {isa = PBXFileReference; lastKnownFileType = net.daringfireball.markdown; path = StructuredSamplerParameters.md; sourceTree = "<group>"; };
		D43DEB9B2FF42CC10038834F /* README.md */ = {isa = PBXFileReference; lastKnownFileType = net.daringfireball.markdown; path = README.md; sourceTree = "<group>"; };
/* End PBXFileReference section */

/* Begin PBXFrameworksBuildPhase section */
		AA0000000000000000000012 /* Frameworks */ = {
			isa = PBXFrameworksBuildPhase;
			buildActionMask = 2147483647;
			files = (
				D43DEB0E2FF18A060038834F /* OpenAPIURLSession in Frameworks */,
				D43DEAE22FF17FC40038834F /* OpenAPIRuntime in Frameworks */,
			);
			runOnlyForDeploymentPostprocessing = 0;
		};
/* End PBXFrameworksBuildPhase section */

/* Begin PBXGroup section */
		AA0000000000000000000003 /* Products */ = {
			isa = PBXGroup;
			children = (
				AA0000000000000000000031 /* SwiftStanApp.app */,
			);
			name = Products;
			sourceTree = "<group>";
		};
		AA0000000000000000000004 = {
			isa = PBXGroup;
			children = (
				D43DEB982FF42CC10038834F /* CLAUDE.md */,
				D43DEB9A2FF42CC10038834F /* Docs */,
				D43DEB9B2FF42CC10038834F /* README.md */,
				AA0000000000000000000005 /* SwiftStanApp */,
				AA0000000000000000000007 /* Packages */,
				D468767C2FEF31E7002F0FD1 /* Frameworks */,
				AA0000000000000000000003 /* Products */,
			);
			sourceTree = "<group>";
		};
		AA0000000000000000000005 /* SwiftStanApp */ = {
			isa = PBXGroup;
			children = (
				D43DEB452FF2B29A0038834F /* Info.plist */,
				D43DEB0F2FF18A6A0038834F /* openapi.yaml */,
				D43DEB102FF18A6A0038834F /* openapi-generator-config.yaml */,
				D43DEAF52FF180ED0038834F /* Intents */,
				D43DEAF82FF180ED0038834F /* ServerSettings.swift */,
				D43DEAF92FF180ED0038834F /* StanClient.swift */,
				AA0000000000000000000020 /* SwiftStanAppApp.swift */,
				AA0000000000000000000021 /* ContentView.swift */,
				AA0000000000000000000030 /* SwiftStanApp.entitlements */,
				D43DEB292FF208680038834F /* StanService.swift */,
				D43DEB2C2FF208760038834F /* RunViewModel.swift */,
				D43DEB302FF2088D0038834F /* StanCommandView.swift */,
				D43DEB632FF2E3670038834F /* AdvancedSettingsView.swift */,
			);
			path = SwiftStanApp;
			sourceTree = "<group>";
		};
		AA0000000000000000000007 /* Packages */ = {
			isa = PBXGroup;
			children = (
			);
			name = Packages;
			sourceTree = "<group>";
		};
		D43DEAF52FF180ED0038834F /* Intents */ = {
			isa = PBXGroup;
			children = (
				D43DEAE62FF180ED0038834F /* Alist2DslIntent.swift */,
				D43DEAE72FF180ED0038834F /* CompileModelIntent.swift */,
				D43DEAE82FF180ED0038834F /* Csv2JsonIntent.swift */,
				D43DEAE92FF180ED0038834F /* GeneratedQuantitiesIntent.swift */,
				D43DEAEA2FF180ED0038834F /* GenerateStanCodeIntent.swift */,
				D43DEAEB2FF180ED0038834F /* LaplaceIntent.swift */,
				D43DEAEC2FF180ED0038834F /* OptimizeModelIntent.swift */,
				D43DEAED2FF180ED0038834F /* PathfinderIntent.swift */,
				D43DEAEE2FF180ED0038834F /* RuninfoIntent.swift */,
				D43DEAEF2FF180ED0038834F /* RunUlamPipelineIntent.swift */,
				D43DEAF02FF180ED0038834F /* SampleModelIntent.swift */,
				D43DEAF12FF180ED0038834F /* StanIntentError.swift */,
				D43DEAF22FF180ED0038834F /* StansummaryIntent.swift */,
				D43DEAF32FF180ED0038834F /* StanToAlistIntent.swift */,
				D43DEAF42FF180ED0038834F /* SwiftStanShortcuts.swift */,
			);
			path = Intents;
			sourceTree = "<group>";
		};
		D43DEB9A2FF42CC10038834F /* Docs */ = {
			isa = PBXGroup;
			children = (
				D43DEB992FF42CC10038834F /* StructuredSamplerParameters.md */,
			);
			path = Docs;
			sourceTree = "<group>";
		};
		D468767C2FEF31E7002F0FD1 /* Frameworks */ = {
			isa = PBXGroup;
			children = (
			);
			name = Frameworks;
			sourceTree = "<group>";
		};
/* End PBXGroup section */

/* Begin PBXNativeTarget section */
		AA0000000000000000000002 /* SwiftStanApp */ = {
			isa = PBXNativeTarget;
			buildConfigurationList = AA0000000000000000000071 /* Build configuration list for PBXNativeTarget "SwiftStanApp" */;
			buildPhases = (
				AA0000000000000000000010 /* Sources */,
				AA0000000000000000000011 /* Resources */,
				AA0000000000000000000012 /* Frameworks */,
				D46876822FF00708002F0FD1 /* ShellScript */,
			);
			buildRules = (
			);
			dependencies = (
				D43DEAE52FF180B00038834F /* PBXTargetDependency */,
			);
			name = SwiftStanApp;
			packageProductDependencies = (
				D43DEAE12FF17FC40038834F /* OpenAPIRuntime */,
				D43DEB0D2FF18A060038834F /* OpenAPIURLSession */,
			);
			productName = SwiftStanApp;
			productReference = AA0000000000000000000031 /* SwiftStanApp.app */;
			productType = "com.apple.product-type.application";
		};
/* End PBXNativeTarget section */

/* Begin PBXProject section */
		AA0000000000000000000001 /* Project object */ = {
			isa = PBXProject;
			attributes = {
				BuildIndependentTargetsInParallel = 1;
				LastSwiftUpdateCheck = 1540;
				LastUpgradeCheck = 2700;
				TargetAttributes = {
					AA0000000000000000000002 = {
						CreatedOnToolsVersion = 15.4;
					};
				};
			};
			buildConfigurationList = AA0000000000000000000070 /* Build configuration list for PBXProject "SwiftStanApp" */;
			compatibilityVersion = "Xcode 14.0";
			developmentRegion = en;
			hasScannedForEncodings = 0;
			knownRegions = (
				en,
				Base,
			);
			mainGroup = AA0000000000000000000004;
			packageReferences = (
				D43DEADD2FF17F9C0038834F /* XCRemoteSwiftPackageReference "swift-openapi-generator" */,
				D43DEAE02FF17FC40038834F /* XCRemoteSwiftPackageReference "swift-openapi-runtime" */,
				D43DEAE32FF180690038834F /* XCRemoteSwiftPackageReference "swift-openapi-urlsession" */,
			);
			productRefGroup = AA0000000000000000000003 /* Products */;
			projectDirPath = "";
			projectRoot = "";
			targets = (
				AA0000000000000000000002 /* SwiftStanApp */,
			);
		};
/* End PBXProject section */

/* Begin PBXResourcesBuildPhase section */
		AA0000000000000000000011 /* Resources */ = {
			isa = PBXResourcesBuildPhase;
			buildActionMask = 2147483647;
			files = (
				D43DEB112FF18A6A0038834F /* openapi-generator-config.yaml in Resources */,
				D43DEB122FF18A6A0038834F /* openapi.yaml in Resources */,
			);
			runOnlyForDeploymentPostprocessing = 0;
		};
/* End PBXResourcesBuildPhase section */

/* Begin PBXShellScriptBuildPhase section */
		D46876822FF00708002F0FD1 /* ShellScript */ = {
			isa = PBXShellScriptBuildPhase;
			buildActionMask = 2147483647;
			files = (
			);
			inputFileListPaths = (
			);
			inputPaths = (
			);
			outputFileListPaths = (
			);
			outputPaths = (
			);
			runOnlyForDeploymentPostprocessing = 0;
			shellPath = /bin/sh;
			shellScript = "if [ \"${CONFIGURATION}\" = \"Debug\" ]; then\n    cp -Rf \"${BUILT_PRODUCTS_DIR}/${PRODUCT_NAME}.app\" \"/Applications/${PRODUCT_NAME}.app\"\nfi\n";
		};
/* End PBXShellScriptBuildPhase section */

/* Begin PBXSourcesBuildPhase section */
		AA0000000000000000000010 /* Sources */ = {
			isa = PBXSourcesBuildPhase;
			buildActionMask = 2147483647;
			files = (
				AA0000000000000000000040 /* SwiftStanAppApp.swift in Sources */,
				AA0000000000000000000041 /* ContentView.swift in Sources */,
				D43DEAFA2FF180ED0038834F /* ServerSettings.swift in Sources */,
				D43DEAFB2FF180ED0038834F /* Csv2JsonIntent.swift in Sources */,
				D43DEAFC2FF180ED0038834F /* LaplaceIntent.swift in Sources */,
				D43DEAFD2FF180ED0038834F /* SampleModelIntent.swift in Sources */,
				D43DEAFE2FF180ED0038834F /* PathfinderIntent.swift in Sources */,
				D43DEAFF2FF180ED0038834F /* GenerateStanCodeIntent.swift in Sources */,
				D43DEB002FF180ED0038834F /* StanClient.swift in Sources */,
				D43DEB012FF180ED0038834F /* CompileModelIntent.swift in Sources */,
				D43DEB312FF2088D0038834F /* StanCommandView.swift in Sources */,
				D43DEB022FF180ED0038834F /* Alist2DslIntent.swift in Sources */,
				D43DEB642FF2E3670038834F /* AdvancedSettingsView.swift in Sources */,
				D43DEB032FF180ED0038834F /* GeneratedQuantitiesIntent.swift in Sources */,
				D43DEB042FF180ED0038834F /* RunUlamPipelineIntent.swift in Sources */,
				D43DEB052FF180ED0038834F /* RuninfoIntent.swift in Sources */,
				D43DEB062FF180ED0038834F /* StansummaryIntent.swift in Sources */,
				D43DEB072FF180ED0038834F /* SwiftStanShortcuts.swift in Sources */,
				D43DEB082FF180ED0038834F /* StanIntentError.swift in Sources */,
				D43DEB092FF180ED0038834F /* StanToAlistIntent.swift in Sources */,
				D43DEB0A2FF180ED0038834F /* OptimizeModelIntent.swift in Sources */,
				D43DEB2A2FF208680038834F /* StanService.swift in Sources */,
				D43DEB2D2FF208760038834F /* RunViewModel.swift in Sources */,
			);
			runOnlyForDeploymentPostprocessing = 0;
		};
/* End PBXSourcesBuildPhase section */

/* Begin PBXTargetDependency section */
		D43DEAE52FF180B00038834F /* PBXTargetDependency */ = {
			isa = PBXTargetDependency;
			productRef = D43DEAE42FF180B00038834F /* OpenAPIGenerator */;
		};
/* End PBXTargetDependency section */

/* Begin XCBuildConfiguration section */
		AA0000000000000000000060 /* Debug */ = {
			isa = XCBuildConfiguration;
			buildSettings = {
				ALWAYS_SEARCH_USER_PATHS = NO;
				CLANG_ANALYZER_NONNULL = YES;
				CLANG_ANALYZER_NUMBER_OBJECT_CONVERSION = YES_AGGRESSIVE;
				CLANG_CXX_LANGUAGE_STANDARD = "gnu++20";
				CLANG_ENABLE_MODULES = YES;
				CLANG_ENABLE_OBJC_ARC = YES;
				CLANG_ENABLE_OBJC_WEAK = YES;
				CLANG_WARN_BLOCK_CAPTURE_AUTORELEASING = YES;
				CLANG_WARN_BOOL_CONVERSION = YES;
				CLANG_WARN_COMMA = YES;
				CLANG_WARN_CONSTANT_CONVERSION = YES;
				CLANG_WARN_DEPRECATED_OBJC_IMPLEMENTATIONS = YES;
				CLANG_WARN_DIRECT_OBJC_ISA_USAGE = YES_ERROR;
				CLANG_WARN_DOCUMENTATION_COMMENTS = YES;
				CLANG_WARN_EMPTY_BODY = YES;
				CLANG_WARN_ENUM_CONVERSION = YES;
				CLANG_WARN_INFINITE_RECURSION = YES;
				CLANG_WARN_INT_CONVERSION = YES;
				CLANG_WARN_NON_LITERAL_NULL_CONVERSION = YES;
				CLANG_WARN_OBJC_IMPLICIT_RETAIN_SELF = YES;
				CLANG_WARN_OBJC_LITERAL_CONVERSION = YES;
				CLANG_WARN_OBJC_ROOT_CLASS = YES_ERROR;
				CLANG_WARN_QUOTED_INCLUDE_IN_FRAMEWORK_HEADER = YES;
				CLANG_WARN_RANGE_LOOP_ANALYSIS = YES;
				CLANG_WARN_STRICT_PROTOTYPES = YES;
				CLANG_WARN_SUSPICIOUS_MOVE = YES;
				CLANG_WARN_UNGUARDED_AVAILABILITY = YES_AGGRESSIVE;
				CLANG_WARN_UNREACHABLE_CODE = YES;
				CLANG_WARN__DUPLICATE_METHOD_MATCH = YES;
				COPY_PHASE_STRIP = NO;
				DEAD_CODE_STRIPPING = YES;
				DEBUG_INFORMATION_FORMAT = dwarf;
				ENABLE_STRICT_OBJC_MSGSEND = YES;
				ENABLE_TESTABILITY = YES;
				ENABLE_USER_SCRIPT_SANDBOXING = YES;
				GCC_C_LANGUAGE_STANDARD = gnu17;
				GCC_DYNAMIC_NO_PIC = NO;
				GCC_NO_COMMON_BLOCKS = YES;
				GCC_OPTIMIZATION_LEVEL = 0;
				GCC_PREPROCESSOR_DEFINITIONS = (
					"DEBUG=1",
					"$(inherited)",
				);
				GCC_WARN_64_TO_32_BIT_CONVERSION = YES;
				GCC_WARN_ABOUT_RETURN_TYPE = YES_ERROR;
				GCC_WARN_UNDECLARED_SELECTOR = YES;
				GCC_WARN_UNINITIALIZED_AUTOS = YES_AGGRESSIVE;
				GCC_WARN_UNUSED_FUNCTION = YES;
				GCC_WARN_UNUSED_VARIABLE = YES;
				MACOSX_DEPLOYMENT_TARGET = 14.0;
				MTL_ENABLE_DEBUG_INFO = INCLUDE_SOURCE;
				MTL_FAST_MATH = YES;
				ONLY_ACTIVE_ARCH = YES;
				STRING_CATALOG_GENERATE_SYMBOLS = YES;
				SWIFT_ACTIVE_COMPILATION_CONDITIONS = DEBUG;
				SWIFT_OPTIMIZATION_LEVEL = "-Onone";
			};
			name = Debug;
		};
		AA0000000000000000000061 /* Release */ = {
			isa = XCBuildConfiguration;
			buildSettings = {
				ALWAYS_SEARCH_USER_PATHS = NO;
				CLANG_ANALYZER_NONNULL = YES;
				CLANG_ANALYZER_NUMBER_OBJECT_CONVERSION = YES_AGGRESSIVE;
				CLANG_CXX_LANGUAGE_STANDARD = "gnu++20";
				CLANG_ENABLE_MODULES = YES;
				CLANG_ENABLE_OBJC_ARC = YES;
				CLANG_ENABLE_OBJC_WEAK = YES;
				CLANG_WARN_BLOCK_CAPTURE_AUTORELEASING = YES;
				CLANG_WARN_BOOL_CONVERSION = YES;
				CLANG_WARN_COMMA = YES;
				CLANG_WARN_CONSTANT_CONVERSION = YES;
				CLANG_WARN_DEPRECATED_OBJC_IMPLEMENTATIONS = YES;
				CLANG_WARN_DIRECT_OBJC_ISA_USAGE = YES_ERROR;
				CLANG_WARN_DOCUMENTATION_COMMENTS = YES;
				CLANG_WARN_EMPTY_BODY = YES;
				CLANG_WARN_ENUM_CONVERSION = YES;
				CLANG_WARN_INFINITE_RECURSION = YES;
				CLANG_WARN_INT_CONVERSION = YES;
				CLANG_WARN_NON_LITERAL_NULL_CONVERSION = YES;
				CLANG_WARN_OBJC_IMPLICIT_RETAIN_SELF = YES;
				CLANG_WARN_OBJC_LITERAL_CONVERSION = YES;
				CLANG_WARN_OBJC_ROOT_CLASS = YES_ERROR;
				CLANG_WARN_QUOTED_INCLUDE_IN_FRAMEWORK_HEADER = YES;
				CLANG_WARN_RANGE_LOOP_ANALYSIS = YES;
				CLANG_WARN_STRICT_PROTOTYPES = YES;
				CLANG_WARN_SUSPICIOUS_MOVE = YES;
				CLANG_WARN_UNGUARDED_AVAILABILITY = YES_AGGRESSIVE;
				CLANG_WARN_UNREACHABLE_CODE = YES;
				CLANG_WARN__DUPLICATE_METHOD_MATCH = YES;
				COPY_PHASE_STRIP = NO;
				DEAD_CODE_STRIPPING = YES;
				DEBUG_INFORMATION_FORMAT = "dwarf-with-dsym";
				ENABLE_NS_ASSERTIONS = NO;
				ENABLE_STRICT_OBJC_MSGSEND = YES;
				ENABLE_USER_SCRIPT_SANDBOXING = YES;
				GCC_C_LANGUAGE_STANDARD = gnu17;
				GCC_NO_COMMON_BLOCKS = YES;
				GCC_WARN_64_TO_32_BIT_CONVERSION = YES;
				GCC_WARN_ABOUT_RETURN_TYPE = YES_ERROR;
				GCC_WARN_UNDECLARED_SELECTOR = YES;
				GCC_WARN_UNINITIALIZED_AUTOS = YES_AGGRESSIVE;
				GCC_WARN_UNUSED_FUNCTION = YES;
				GCC_WARN_UNUSED_VARIABLE = YES;
				MACOSX_DEPLOYMENT_TARGET = 14.0;
				MTL_FAST_MATH = YES;
				STRING_CATALOG_GENERATE_SYMBOLS = YES;
				SWIFT_COMPILATION_MODE = wholemodule;
				SWIFT_OPTIMIZATION_LEVEL = "-O";
			};
			name = Release;
		};
		AA0000000000000000000062 /* Debug */ = {
			isa = XCBuildConfiguration;
			buildSettings = {
				CODE_SIGN_ENTITLEMENTS = SwiftStanApp/SwiftStanApp.entitlements;
				CODE_SIGN_STYLE = Automatic;
				COMBINE_HIDPI_IMAGES = YES;
				CURRENT_PROJECT_VERSION = 1;
				DEAD_CODE_STRIPPING = YES;
				DEVELOPMENT_TEAM = 3SPAAQ6SK2;
				ENABLE_HARDENED_RUNTIME = YES;
				ENABLE_USER_SCRIPT_SANDBOXING = NO;
				GENERATE_INFOPLIST_FILE = YES;
				INFOPLIST_FILE = SwiftStanApp/Info.plist;
				INFOPLIST_KEY_LSApplicationCategoryType = "public.app-category.developer-tools";
				INFOPLIST_KEY_NSHumanReadableCopyright = "";
				INFOPLIST_KEY_NSLocalNetworkUsageDescription = "SwiftStanApp connects to SwiftStanServer on your local network to run Stan commands.";
				INFOPLIST_KEY_NSPrincipalClass = NSApplication;
				IPHONEOS_DEPLOYMENT_TARGET = 26.0;
				LD_RUNPATH_SEARCH_PATHS = (
					"$(inherited)",
					"@executable_path/../Frameworks",
				);
				MACOSX_DEPLOYMENT_TARGET = 26.0;
				MARKETING_VERSION = 1.0;
				PRODUCT_BUNDLE_IDENTIFIER = com.goedman.SwiftStanApp;
				PRODUCT_NAME = "$(TARGET_NAME)";
				SUPPORTED_PLATFORMS = "iphoneos iphonesimulator macosx";
				SUPPORTS_MACCATALYST = NO;
				SWIFT_EMIT_LOC_STRINGS = YES;
				SWIFT_VERSION = 6.0;
				TARGETED_DEVICE_FAMILY = "1,2";
			};
			name = Debug;
		};
		AA0000000000000000000063 /* Release */ = {
			isa = XCBuildConfiguration;
			buildSettings = {
				CODE_SIGN_ENTITLEMENTS = SwiftStanApp/SwiftStanApp.entitlements;
				CODE_SIGN_STYLE = Automatic;
				COMBINE_HIDPI_IMAGES = YES;
				CURRENT_PROJECT_VERSION = 1;
				DEAD_CODE_STRIPPING = YES;
				DEVELOPMENT_TEAM = 3SPAAQ6SK2;
				ENABLE_HARDENED_RUNTIME = YES;
				ENABLE_USER_SCRIPT_SANDBOXING = NO;
				GENERATE_INFOPLIST_FILE = YES;
				INFOPLIST_FILE = SwiftStanApp/Info.plist;
				INFOPLIST_KEY_LSApplicationCategoryType = "public.app-category.developer-tools";
				INFOPLIST_KEY_NSHumanReadableCopyright = "";
				INFOPLIST_KEY_NSLocalNetworkUsageDescription = "SwiftStanApp connects to SwiftStanServer on your local network to run Stan commands.";
				INFOPLIST_KEY_NSPrincipalClass = NSApplication;
				IPHONEOS_DEPLOYMENT_TARGET = 26.0;
				LD_RUNPATH_SEARCH_PATHS = (
					"$(inherited)",
					"@executable_path/../Frameworks",
				);
				MACOSX_DEPLOYMENT_TARGET = 26.0;
				MARKETING_VERSION = 1.0;
				PRODUCT_BUNDLE_IDENTIFIER = com.goedman.SwiftStanApp;
				PRODUCT_NAME = "$(TARGET_NAME)";
				SUPPORTED_PLATFORMS = "iphoneos iphonesimulator macosx";
				SUPPORTS_MACCATALYST = NO;
				SWIFT_EMIT_LOC_STRINGS = YES;
				SWIFT_VERSION = 6.0;
				TARGETED_DEVICE_FAMILY = "1,2";
			};
			name = Release;
		};
/* End XCBuildConfiguration section */

/* Begin XCConfigurationList section */
		AA0000000000000000000070 /* Build configuration list for PBXProject "SwiftStanApp" */ = {
			isa = XCConfigurationList;
			buildConfigurations = (
				AA0000000000000000000060 /* Debug */,
				AA0000000000000000000061 /* Release */,
			);
			defaultConfigurationIsVisible = 0;
			defaultConfigurationName = Release;
		};
		AA0000000000000000000071 /* Build configuration list for PBXNativeTarget "SwiftStanApp" */ = {
			isa = XCConfigurationList;
			buildConfigurations = (
				AA0000000000000000000062 /* Debug */,
				AA0000000000000000000063 /* Release */,
			);
			defaultConfigurationIsVisible = 0;
			defaultConfigurationName = Release;
		};
/* End XCConfigurationList section */

/* Begin XCRemoteSwiftPackageReference section */
		D43DEADD2FF17F9C0038834F /* XCRemoteSwiftPackageReference "swift-openapi-generator" */ = {
			isa = XCRemoteSwiftPackageReference;
			repositoryURL = "https://github.com/apple/swift-openapi-generator";
			requirement = {
				kind = upToNextMajorVersion;
				minimumVersion = 1.12.2;
			};
		};
		D43DEAE02FF17FC40038834F /* XCRemoteSwiftPackageReference "swift-openapi-runtime" */ = {
			isa = XCRemoteSwiftPackageReference;
			repositoryURL = "https://github.com/apple/swift-openapi-runtime";
			requirement = {
				kind = upToNextMajorVersion;
				minimumVersion = 1.12.0;
			};
		};
		D43DEAE32FF180690038834F /* XCRemoteSwiftPackageReference "swift-openapi-urlsession" */ = {
			isa = XCRemoteSwiftPackageReference;
			repositoryURL = "https://github.com/apple/swift-openapi-urlsession";
			requirement = {
				kind = upToNextMajorVersion;
				minimumVersion = 1.3.1;
			};
		};
/* End XCRemoteSwiftPackageReference section */

/* Begin XCSwiftPackageProductDependency section */
		D43DEAE12FF17FC40038834F /* OpenAPIRuntime */ = {
			isa = XCSwiftPackageProductDependency;
			package = D43DEAE02FF17FC40038834F /* XCRemoteSwiftPackageReference "swift-openapi-runtime" */;
			productName = OpenAPIRuntime;
		};
		D43DEAE42FF180B00038834F /* OpenAPIGenerator */ = {
			isa = XCSwiftPackageProductDependency;
			package = D43DEADD2FF17F9C0038834F /* XCRemoteSwiftPackageReference "swift-openapi-generator" */;
			productName = "plugin:OpenAPIGenerator";
		};
		D43DEB0D2FF18A060038834F /* OpenAPIURLSession */ = {
			isa = XCSwiftPackageProductDependency;
			package = D43DEAE32FF180690038834F /* XCRemoteSwiftPackageReference "swift-openapi-urlsession" */;
			productName = OpenAPIURLSession;
		};
/* End XCSwiftPackageProductDependency section */
	};
	rootObject = AA0000000000000000000001 /* Project object */;
}
